
Microsoft Visual Studio Solution File, Format Version 12.00
# Visual Studio Version 16
VisualStudioVersion = 16.0.29613.14
MinimumVisualStudioVersion = 10.0.40219.1
Project("{FAE04EC0-301F-11D3-BF4B-00C04F79EFBC}") = "WebMVC", "src\Web Apps\WebMVC\WebMVC.csproj", "{8AB68D1C-481E-4C01-89BC-5EEA4F267643}"
EndProject
Project("{2150E333-8FDC-42A3-9474-1A3956D46DE8}") = "src", "src", "{A25D7DC6-6987-41E0-89B2-869643461549}"
EndProject
Project("{2150E333-8FDC-42A3-9474-1A3956D46DE8}") = "Web Apps", "Web Apps", "{1C18DDE0-73E6-44A4-AB3A-D14650C50CA1}"
EndProject
Project("{2150E333-8FDC-42A3-9474-1A3956D46DE8}") = "Services", "Services", "{D0F27C60-1BA1-4424-A0B6-60F673F23DC4}"
EndProject
Project("{2150E333-8FDC-42A3-9474-1A3956D46DE8}") = "Catalog", "Catalog", "{18CA366F-52CB-4674-A6BB-F5569CF4F9EF}"
EndProject
Project("{FAE04EC0-301F-11D3-BF4B-00C04F79EFBC}") = "Catalog.API", "src\Services\Catalog\Catalog.API\Catalog.API.csproj", "{00F8A34E-4CA1-4420-ABA4-EBAE34250581}"
EndProject
Global
	GlobalSection(SolutionConfigurationPlatforms) = preSolution
		Debug|Any CPU = Debug|Any CPU
		Release|Any CPU = Release|Any CPU
	EndGlobalSection
	GlobalSection(ProjectConfigurationPlatforms) = postSolution
		{8AB68D1C-481E-4C01-89BC-5EEA4F267643}.Debug|Any CPU.ActiveCfg = Debug|Any CPU
		{8AB68D1C-481E-4C01-89BC-5EEA4F267643}.Debug|Any CPU.Build.0 = Debug|Any CPU
		{8AB68D1C-481E-4C01-89BC-5EEA4F267643}.Release|Any CPU.ActiveCfg = Release|Any CPU
		{8AB68D1C-481E-4C01-89BC-5EEA4F267643}.Release|Any CPU.Build.0 = Release|Any CPU
		{00F8A34E-4CA1-4420-ABA4-EBAE34250581}.Debug|Any CPU.ActiveCfg = Debug|Any CPU
		{00F8A34E-4CA1-4420-ABA4-EBAE34250581}.Debug|Any CPU.Build.0 = Debug|Any CPU
		{00F8A34E-4CA1-4420-ABA4-EBAE34250581}.Release|Any CPU.ActiveCfg = Release|Any CPU
		{00F8A34E-4CA1-4420-ABA4-EBAE34250581}.Release|Any CPU.Build.0 = Release|Any CPU
	EndGlobalSection
	GlobalSection(SolutionProperties) = preSolution
		HideSolutionNode = FALSE
	EndGlobalSection
	GlobalSection(NestedProjects) = preSolution
		{8AB68D1C-481E-4C01-89BC-5EEA4F267643} = {1C18DDE0-73E6-44A4-AB3A-D14650C50CA1}
		{1C18DDE0-73E6-44A4-AB3A-D14650C50CA1} = {A25D7DC6-6987-41E0-89B2-869643461549}
		{D0F27C60-1BA1-4424-A0B6-60F673F23DC4} = {A25D7DC6-6987-41E0-89B2-869643461549}
		{18CA366F-52CB-4674-A6BB-F5569CF4F9EF} = {D0F27C60-1BA1-4424-A0B6-60F673F23DC4}
		{00F8A34E-4CA1-4420-ABA4-EBAE34250581} = {18CA366F-52CB-4674-A6BB-F5569CF4F9EF}
	EndGlobalSection
	GlobalSection(ExtensibilityGlobals) = postSolution
		SolutionGuid = {419F37DE-003F-4EBF-9BE0-FF3DF49999C1}
	EndGlobalSection
EndGlobal
